{
  "name": "Portfolio_Agency",
  "lockfileVersion": 3,
  "requires": true,
  "packages": {
    "": {
      "dependencies": {
        "webrouk-custom-range": "^1.0.4"
      }
    },
    "node_modules/webrouk-custom-range": {
      "version": "1.0.4",
      "resolved": "https://registry.npmjs.org/webrouk-custom-range/-/webrouk-custom-range-1.0.4.tgz",
      "integrity": "sha512-2CgYUVKa2btMxp1O07aCl50h+TpCJNwLVVCX0+hINxn/ClTOBmD/X6fDoc8rsHNB4y5xZ1ZnM0tdBJWj+aWTdQ=="
    }
  }
}
